// !$*UTF8*$!
{
	archiveVersion = 1;
	classes = {
	};
	objectVersion = 56;
	objects = {

/* Begin PBXBuildFile section */
		F4E59C892A4587CF00A8ABA2 /* AppDelegate.swift in Sources */ = {isa = PBXBuildFile; fileRef = F4E59C882A4587CF00A8ABA2 /* AppDelegate.swift */; };
		F4E59C8B2A4587CF00A8ABA2 /* SceneDelegate.swift in Sources */ = {isa = PBXBuildFile; fileRef = F4E59C8A2A4587CF00A8ABA2 /* SceneDelegate.swift */; };
		F4E59C8D2A4587CF00A8ABA2 /* ViewController.swift in Sources */ = {isa = PBXBuildFile; fileRef = F4E59C8C2A4587CF00A8ABA2 /* ViewController.swift */; };
		F4E59C902A4587CF00A8ABA2 /* Main.storyboard in Resources */ = {isa = PBXBuildFile; fileRef = F4E59C8E2A4587CF00A8ABA2 /* Main.storyboard */; };
		F4E59C922A4587D100A8ABA2 /* Assets.xcassets in Resources */ = {isa = PBXBuildFile; fileRef = F4E59C912A4587D100A8ABA2 /* Assets.xcassets */; };
		F4E59C952A4587D100A8ABA2 /* LaunchScreen.storyboard in Resources */ = {isa = PBXBuildFile; fileRef = F4E59C932A4587D100A8ABA2 /* LaunchScreen.storyboard */; };
		F4E59CA02A4587D100A8ABA2 /* testTests.swift in Sources */ = {isa = PBXBuildFile; fileRef = F4E59C9F2A4587D100A8ABA2 /* testTests.swift */; };
		F4E59CAA2A4587D100A8ABA2 /* testUITests.swift in Sources */ = {isa = PBXBuildFile; fileRef = F4E59CA92A4587D100A8ABA2 /* testUITests.swift */; };
		F4E59CAC2A4587D100A8ABA2 /* testUITestsLaunchTests.swift in Sources */ = {isa = PBXBuildFile; fileRef = F4E59CAB2A4587D100A8ABA2 /* testUITestsLaunchTests.swift */; };
/* End PBXBuildFile section */

/* Begin PBXContainerItemProxy section */
		F4E59C9C2A4587D100A8ABA2 /* PBXContainerItemProxy */ = {
			isa = PBXContainerItemProxy;
			containerPortal = F4E59C7D2A4587CF00A8ABA2 /* Project object */;
			proxyType = 1;
			remoteGlobalIDString = F4E59C842A4587CF00A8ABA2;
			remoteInfo = test;
		};
		F4E59CA62A4587D100A8ABA2 /* PBXContainerItemProxy */ = {
			isa = PBXContainerItemProxy;
			containerPortal = F4E59C7D2A4587CF00A8ABA2 /* Project object */;
			proxyType = 1;
			remoteGlobalIDString = F4E59C842A4587CF00A8ABA2;
			remoteInfo = test;
		};
/* End PBXContainerItemProxy section */

/* Begin PBXFileReference section */
		F4E59C852A4587CF00A8ABA2 /* test.app */ = {isa = PBXFileReference; explicitFileType = wrapper.application; includeInIndex = 0; path = test.app; sourceTree = BUILT_PRODUCTS_DIR; };
		F4E59C882A4587CF00A8ABA2 /* AppDelegate.swift */ = {isa = PBXFileReference; lastKnownFileType = sourcecode.swift; path = AppDelegate.swift; sourceTree = "<group>"; };
		F4E59C8A2A4587CF00A8ABA2 /* SceneDelegate.swift */ = {isa = PBXFileReference; lastKnownFileType = sourcecode.swift; path = SceneDelegate.swift; sourceTree = "<group>"; };
		F4E59C8C2A4587CF00A8ABA2 /* ViewController.swift */ = {isa = PBXFileReference; lastKnownFileType = sourcecode.swift; path = ViewController.swift; sourceTree = "<group>"; };
		F4E59C8F2A4587CF00A8ABA2 /* Base */ = {isa = PBXFileReference; lastKnownFileType = file.storyboard; name = Base; path = Base.lproj/Main.storyboard; sourceTree = "<group>"; };
		F4E59C912A4587D100A8ABA2 /* Assets.xcassets */ = {isa = PBXFileReference; lastKnownFileType = folder.assetcatalog; path = Assets.xcassets; sourceTree = "<group>"; };
		F4E59C942A4587D100A8ABA2 /* Base */ = {isa = PBXFileReference; lastKnownFileType = file.storyboard; name = Base; path = Base.lproj/LaunchScreen.storyboard; sourceTree = "<group>"; };
		F4E59C962A4587D100A8ABA2 /* Info.plist */ = {isa = PBXFileReference; lastKnownFileType = text.plist.xml; path = Info.plist; sourceTree = "<group>"; };
		F4E59C9B2A4587D100A8ABA2 /* testTests.xctest */ = {isa = PBXFileReference; explicitFileType = wrapper.cfbundle; includeInIndex = 0; path = testTests.xctest; sourceTree = BUILT_PRODUCTS_DIR; };
		F4E59C9F2A4587D100A8ABA2 /* testTests.swift */ = {isa = PBXFileReference; lastKnownFileType = sourcecode.swift; path = testTests.swift; sourceTree = "<group>"; };
		F4E59CA52A4587D100A8ABA2 /* testUITests.xctest */ = {isa = PBXFileReference; explicitFileType = wrapper.cfbundle; includeInIndex = 0; path = testUITests.xctest; sourceTree = BUILT_PRODUCTS_DIR; };
		F4E59CA92A4587D100A8ABA2 /* testUITests.swift */ = {isa = PBXFileReference; lastKnownFileType = sourcecode.swift; path = testUITests.swift; sourceTree = "<group>"; };
		F4E59CAB2A4587D100A8ABA2 /* testUITestsLaunchTests.swift */ = {isa = PBXFileReference; lastKnownFileType = sourcecode.swift; path = testUITestsLaunchTests.swift; sourceTree = "<group>"; };
/* End PBXFileReference section */

/* Begin PBXFrameworksBuildPhase section */
		F4E59C822A4587CF00A8ABA2 /* Frameworks */ = {
			isa = PBXFrameworksBuildPhase;
			buildActionMask = 2147483647;
			files = (
			);
			runOnlyForDeploymentPostprocessing = 0;
		};
		F4E59C982A4587D100A8ABA2 /* Frameworks */ = {
			isa = PBXFrameworksBuildPhase;
			buildActionMask = 2147483647;
			files = (
			);
			runOnlyForDeploymentPostprocessing = 0;
		};
		F4E59CA22A4587D100A8ABA2 /* Frameworks */ = {
			isa = PBXFrameworksBuildPhase;
			buildActionMask = 2147483647;
			files = (
			);
			runOnlyForDeploymentPostprocessing = 0;
		};
/* End PBXFrameworksBuildPhase section */

/* Begin PBXGroup section */
		F4E59C7C2A4587CF00A8ABA2 = {
			isa = PBXGroup;
			children = (
				F4E59C872A4587CF00A8ABA2 /* test */,
				F4E59C9E2A4587D100A8ABA2 /* testTests */,
				F4E59CA82A4587D100A8ABA2 /* testUITests */,
				F4E59C862A4587CF00A8ABA2 /* Products */,
			);
			sourceTree = "<group>";
		};
		F4E59C862A4587CF00A8ABA2 /* Products */ = {
			isa = PBXGroup;
			children = (
				F4E59C852A4587CF00A8ABA2 /* test.app */,
				F4E59C9B2A4587D100A8ABA2 /* testTests.xctest */,
				F4E59CA52A4587D100A8ABA2 /* testUITests.xctest */,
			);
			name = Products;
			sourceTree = "<group>";
		};
		F4E59C872A4587CF00A8ABA2 /* test */ = {
			isa = PBXGroup;
			children = (
				F4E59C882A4587CF00A8ABA2 /* AppDelegate.swift */,
				F4E59C8A2A4587CF00A8ABA2 /* SceneDelegate.swift */,
				F4E59C8C2A4587CF00A8ABA2 /* ViewController.swift */,
				F4E59C8E2A4587CF00A8ABA2 /* Main.storyboard */,
				F4E59C912A4587D100A8ABA2 /* Assets.xcassets */,
				F4E59C932A4587D100A8ABA2 /* LaunchScreen.storyboard */,
				F4E59C962A4587D100A8ABA2 /* Info.plist */,
			);
			path = test;
			sourceTree = "<group>";
		};
		F4E59C9E2A4587D100A8ABA2 /* testTests */ = {
			isa = PBXGroup;
			children = (
				F4E59C9F2A4587D100A8ABA2 /* testTests.swift */,
			);
			path = testTests;
			sourceTree = "<group>";
		};
		F4E59CA82A4587D100A8ABA2 /* testUITests */ = {
			isa = PBXGroup;
			children = (
				F4E59CA92A4587D100A8ABA2 /* testUITests.swift */,
				F4E59CAB2A4587D100A8ABA2 /* testUITestsLaunchTests.swift */,
			);
			path = testUITests;
			sourceTree = "<group>";
		};
/* End PBXGroup section */

/* Begin PBXNativeTarget section */
		F4E59C842A4587CF00A8ABA2 /* test */ = {
			isa = PBXNativeTarget;
			buildConfigurationList = F4E59CAF2A4587D100A8ABA2 /* Build configuration list for PBXNativeTarget "test" */;
			buildPhases = (
				F4E59C812A4587CF00A8ABA2 /* Sources */,
				F4E59C822A4587CF00A8ABA2 /* Frameworks */,
				F4E59C832A4587CF00A8ABA2 /* Resources */,
			);
			buildRules = (
			);
			dependencies = (
			);
			name = test;
			productName = test;
			productReference = F4E59C852A4587CF00A8ABA2 /* test.app */;
			productType = "com.apple.product-type.application";
		};
		F4E59C9A2A4587D100A8ABA2 /* testTests */ = {
			isa = PBXNativeTarget;
			buildConfigurationList = F4E59CB22A4587D100A8ABA2 /* Build configuration list for PBXNativeTarget "testTests" */;
			buildPhases = (
				F4E59C972A4587D100A8ABA2 /* Sources */,
				F4E59C982A4587D100A8ABA2 /* Frameworks */,
				F4E59C992A4587D100A8ABA2 /* Resources */,
			);
			buildRules = (
			);
			dependencies = (
				F4E59C9D2A4587D100A8ABA2 /* PBXTargetDependency */,
			);
			name = testTests;
			productName = testTests;
			productReference = F4E59C9B2A4587D100A8ABA2 /* testTests.xctest */;
			productType = "com.apple.product-type.bundle.unit-test";
		};
		F4E59CA42A4587D100A8ABA2 /* testUITests */ = {
			isa = PBXNativeTarget;
			buildConfigurationList = F4E59CB52A4587D100A8ABA2 /* Build configuration list for PBXNativeTarget "testUITests" */;
			buildPhases = (
				F4E59CA12A4587D100A8ABA2 /* Sources */,
				F4E59CA22A4587D100A8ABA2 /* Frameworks */,
				F4E59CA32A4587D100A8ABA2 /* Resources */,
			);
			buildRules = (
			);
			dependencies = (
				F4E59CA72A4587D100A8ABA2 /* PBXTargetDependency */,
			);
			name = testUITests;
			productName = testUITests;
			productReference = F4E59CA52A4587D100A8ABA2 /* testUITests.xctest */;
			productType = "com.apple.product-type.bundle.ui-testing";
		};
/* End PBXNativeTarget section */

/* Begin PBXProject section */
		F4E59C7D2A4587CF00A8ABA2 /* Project object */ = {
			isa = PBXProject;
			attributes = {
				BuildIndependentTargetsInParallel = 1;
				LastSwiftUpdateCheck = 1430;
				LastUpgradeCheck = 1430;
				TargetAttributes = {
					F4E59C842A4587CF00A8ABA2 = {
						CreatedOnToolsVersion = 14.3.1;
					};
					F4E59C9A2A4587D100A8ABA2 = {
						CreatedOnToolsVersion = 14.3.1;
						TestTargetID = F4E59C842A4587CF00A8ABA2;
					};
					F4E59CA42A4587D100A8ABA2 = {
						CreatedOnToolsVersion = 14.3.1;
						TestTargetID = F4E59C842A4587CF00A8ABA2;
					};
				};
			};
			buildConfigurationList = F4E59C802A4587CF00A8ABA2 /* Build configuration list for PBXProject "test" */;
			compatibilityVersion = "Xcode 14.0";
			developmentRegion = en;
			hasScannedForEncodings = 0;
			knownRegions = (
				en,
				Base,
			);
			mainGroup = F4E59C7C2A4587CF00A8ABA2;
			productRefGroup = F4E59C862A4587CF00A8ABA2 /* Products */;
			projectDirPath = "";
			projectRoot = "";
			targets = (
				F4E59C842A4587CF00A8ABA2 /* test */,
				F4E59C9A2A4587D100A8ABA2 /* testTests */,
				F4E59CA42A4587D100A8ABA2 /* testUITests */,
			);
		};
/* End PBXProject section */

/* Begin PBXResourcesBuildPhase section */
		F4E59C832A4587CF00A8ABA2 /* Resources */ = {
			isa = PBXResourcesBuildPhase;
			buildActionMask = 2147483647;
			files = (
				F4E59C952A4587D100A8ABA2 /* LaunchScreen.storyboard in Resources */,
				F4E59C922A4587D100A8ABA2 /* Assets.xcassets in Resources */,
				F4E59C902A4587CF00A8ABA2 /* Main.storyboard in Resources */,
			);
			runOnlyForDeploymentPostprocessing = 0;
		};
		F4E59C992A4587D100A8ABA2 /* Resources */ = {
			isa = PBXResourcesBuildPhase;
			buildActionMask = 2147483647;
			files = (
			);
			runOnlyForDeploymentPostprocessing = 0;
		};
		F4E59CA32A4587D100A8ABA2 /* Resources */ = {
			isa = PBXResourcesBuildPhase;
			buildActionMask = 2147483647;
			files = (
			);
			runOnlyForDeploymentPostprocessing = 0;
		};
/* End PBXResourcesBuildPhase section */

/* Begin PBXSourcesBuildPhase section */
		F4E59C812A4587CF00A8ABA2 /* Sources */ = {
			isa = PBXSourcesBuildPhase;
			buildActionMask = 2147483647;
			files = (
				F4E59C8D2A4587CF00A8ABA2 /* ViewController.swift in Sources */,
				F4E59C892A4587CF00A8ABA2 /* AppDelegate.swift in Sources */,
				F4E59C8B2A4587CF00A8ABA2 /* SceneDelegate.swift in Sources */,
			);
			runOnlyForDeploymentPostprocessing = 0;
		};
		F4E59C972A4587D100A8ABA2 /* Sources */ = {
			isa = PBXSourcesBuildPhase;
			buildActionMask = 2147483647;
			files = (
				F4E59CA02A4587D100A8ABA2 /* testTests.swift in Sources */,
			);
			runOnlyForDeploymentPostprocessing = 0;
		};
		F4E59CA12A4587D100A8ABA2 /* Sources */ = {
			isa = PBXSourcesBuildPhase;
			buildActionMask = 2147483647;
			files = (
				F4E59CAC2A4587D100A8ABA2 /* testUITestsLaunchTests.swift in Sources */,
				F4E59CAA2A4587D100A8ABA2 /* testUITests.swift in Sources */,
			);
			runOnlyForDeploymentPostprocessing = 0;
		};
/* End PBXSourcesBuildPhase section */

/* Begin PBXTargetDependency section */
		F4E59C9D2A4587D100A8ABA2 /* PBXTargetDependency */ = {
			isa = PBXTargetDependency;
			target = F4E59C842A4587CF00A8ABA2 /* test */;
			targetProxy = F4E59C9C2A4587D100A8ABA2 /* PBXContainerItemProxy */;
		};
		F4E59CA72A4587D100A8ABA2 /* PBXTargetDependency */ = {
			isa = PBXTargetDependency;
			target = F4E59C842A4587CF00A8ABA2 /* test */;
			targetProxy = F4E59CA62A4587D100A8ABA2 /* PBXContainerItemProxy */;
		};
/* End PBXTargetDependency section */

/* Begin PBXVariantGroup section */
		F4E59C8E2A4587CF00A8ABA2 /* Main.storyboard */ = {
			isa = PBXVariantGroup;
			children = (
				F4E59C8F2A4587CF00A8ABA2 /* Base */,
			);
			name = Main.storyboard;
			sourceTree = "<group>";
		};
		F4E59C932A4587D100A8ABA2 /* LaunchScreen.storyboard */ = {
			isa = PBXVariantGroup;
			children = (
				F4E59C942A4587D100A8ABA2 /* Base */,
			);
			name = LaunchScreen.storyboard;
			sourceTree = "<group>";
		};
/* End PBXVariantGroup section */

/* Begin XCBuildConfiguration section */
		F4E59CAD2A4587D100A8ABA2 /* Debug */ = {
			isa = XCBuildConfiguration;
			buildSettings = {
				ALWAYS_SEARCH_USER_PATHS = NO;
				CLANG_ANALYZER_NONNULL = YES;
				CLANG_ANALYZER_NUMBER_OBJECT_CONVERSION = YES_AGGRESSIVE;
				CLANG_CXX_LANGUAGE_STANDARD = "gnu++20";
				CLANG_ENABLE_MODULES = YES;
				CLANG_ENABLE_OBJC_ARC = YES;
				CLANG_ENABLE_OBJC_WEAK = YES;
				CLANG_WARN_BLOCK_CAPTURE_AUTORELEASING = YES;
				CLANG_WARN_BOOL_CONVERSION = YES;
				CLANG_WARN_COMMA = YES;
				CLANG_WARN_CONSTANT_CONVERSION = YES;
				CLANG_WARN_DEPRECATED_OBJC_IMPLEMENTATIONS = YES;
				CLANG_WARN_DIRECT_OBJC_ISA_USAGE = YES_ERROR;
				CLANG_WARN_DOCUMENTATION_COMMENTS = YES;
				CLANG_WARN_EMPTY_BODY = YES;
				CLANG_WARN_ENUM_CONVERSION = YES;
				CLANG_WARN_INFINITE_RECURSION = YES;
				CLANG_WARN_INT_CONVERSION = YES;
				CLANG_WARN_NON_LITERAL_NULL_CONVERSION = YES;
				CLANG_WARN_OBJC_IMPLICIT_RETAIN_SELF = YES;
				CLANG_WARN_OBJC_LITERAL_CONVERSION = YES;
				CLANG_WARN_OBJC_ROOT_CLASS = YES_ERROR;
				CLANG_WARN_QUOTED_INCLUDE_IN_FRAMEWORK_HEADER = YES;
				CLANG_WARN_RANGE_LOOP_ANALYSIS = YES;
				CLANG_WARN_STRICT_PROTOTYPES = YES;
				CLANG_WARN_SUSPICIOUS_MOVE = YES;
				CLANG_WARN_UNGUARDED_AVAILABILITY = YES_AGGRESSIVE;
				CLANG_WARN_UNREACHABLE_CODE = YES;
				CLANG_WARN__DUPLICATE_METHOD_MATCH = YES;
				COPY_PHASE_STRIP = NO;
				DEBUG_INFORMATION_FORMAT = dwarf;
				ENABLE_STRICT_OBJC_MSGSEND = YES;
				ENABLE_TESTABILITY = YES;
				GCC_C_LANGUAGE_STANDARD = gnu11;
				GCC_DYNAMIC_NO_PIC = NO;
				GCC_NO_COMMON_BLOCKS = YES;
				GCC_OPTIMIZATION_LEVEL = 0;
				GCC_PREPROCESSOR_DEFINITIONS = (
					"DEBUG=1",
					"$(inherited)",
				);
				GCC_WARN_64_TO_32_BIT_CONVERSION = YES;
				GCC_WARN_ABOUT_RETURN_TYPE = YES_ERROR;
				GCC_WARN_UNDECLARED_SELECTOR = YES;
				GCC_WARN_UNINITIALIZED_AUTOS = YES_AGGRESSIVE;
				GCC_WARN_UNUSED_FUNCTION = YES;
				GCC_WARN_UNUSED_VARIABLE = YES;
				IPHONEOS_DEPLOYMENT_TARGET = 16.4;
				MTL_ENABLE_DEBUG_INFO = INCLUDE_SOURCE;
				MTL_FAST_MATH = YES;
				ONLY_ACTIVE_ARCH = YES;
				SDKROOT = iphoneos;
				SWIFT_ACTIVE_COMPILATION_CONDITIONS = DEBUG;
				SWIFT_OPTIMIZATION_LEVEL = "-Onone";
			};
			name = Debug;
		};
		F4E59CAE2A4587D100A8ABA2 /* Release */ = {
			isa = XCBuildConfiguration;
			buildSettings = {
				ALWAYS_SEARCH_USER_PATHS = NO;
				CLANG_ANALYZER_NONNULL = YES;
				CLANG_ANALYZER_NUMBER_OBJECT_CONVERSION = YES_AGGRESSIVE;
				CLANG_CXX_LANGUAGE_STANDARD = "gnu++20";
				CLANG_ENABLE_MODULES = YES;
				CLANG_ENABLE_OBJC_ARC = YES;
				CLANG_ENABLE_OBJC_WEAK = YES;
				CLANG_WARN_BLOCK_CAPTURE_AUTORELEASING = YES;
				CLANG_WARN_BOOL_CONVERSION = YES;
				CLANG_WARN_COMMA = YES;
				CLANG_WARN_CONSTANT_CONVERSION = YES;
				CLANG_WARN_DEPRECATED_OBJC_IMPLEMENTATIONS = YES;
				CLANG_WARN_DIRECT_OBJC_ISA_USAGE = YES_ERROR;
				CLANG_WARN_DOCUMENTATION_COMMENTS = YES;
				CLANG_WARN_EMPTY_BODY = YES;
				CLANG_WARN_ENUM_CONVERSION = YES;
				CLANG_WARN_INFINITE_RECURSION = YES;
				CLANG_WARN_INT_CONVERSION = YES;
				CLANG_WARN_NON_LITERAL_NULL_CONVERSION = YES;
				CLANG_WARN_OBJC_IMPLICIT_RETAIN_SELF = YES;
				CLANG_WARN_OBJC_LITERAL_CONVERSION = YES;
				CLANG_WARN_OBJC_ROOT_CLASS = YES_ERROR;
				CLANG_WARN_QUOTED_INCLUDE_IN_FRAMEWORK_HEADER = YES;
				CLANG_WARN_RANGE_LOOP_ANALYSIS = YES;
				CLANG_WARN_STRICT_PROTOTYPES = YES;
				CLANG_WARN_SUSPICIOUS_MOVE = YES;
				CLANG_WARN_UNGUARDED_AVAILABILITY = YES_AGGRESSIVE;
				CLANG_WARN_UNREACHABLE_CODE = YES;
				CLANG_WARN__DUPLICATE_METHOD_MATCH = YES;
				COPY_PHASE_STRIP = NO;
				DEBUG_INFORMATION_FORMAT = "dwarf-with-dsym";
				ENABLE_NS_ASSERTIONS = NO;
				ENABLE_STRICT_OBJC_MSGSEND = YES;
				GCC_C_LANGUAGE_STANDARD = gnu11;
				GCC_NO_COMMON_BLOCKS = YES;
				GCC_WARN_64_TO_32_BIT_CONVERSION = YES;
				GCC_WARN_ABOUT_RETURN_TYPE = YES_ERROR;
				GCC_WARN_UNDECLARED_SELECTOR = YES;
				GCC_WARN_UNINITIALIZED_AUTOS = YES_AGGRESSIVE;
				GCC_WARN_UNUSED_FUNCTION = YES;
				GCC_WARN_UNUSED_VARIABLE = YES;
				IPHONEOS_DEPLOYMENT_TARGET = 16.4;
				MTL_ENABLE_DEBUG_INFO = NO;
				MTL_FAST_MATH = YES;
				SDKROOT = iphoneos;
				SWIFT_COMPILATION_MODE = wholemodule;
				SWIFT_OPTIMIZATION_LEVEL = "-O";
				VALIDATE_PRODUCT = YES;
			};
			name = Release;
		};
		F4E59CB02A4587D100A8ABA2 /* Debug */ = {
			isa = XCBuildConfiguration;
			buildSettings = {
				ASSETCATALOG_COMPILER_APPICON_NAME = AppIcon;
				ASSETCATALOG_COMPILER_GLOBAL_ACCENT_COLOR_NAME = AccentColor;
				CODE_SIGN_STYLE = Automatic;
				CURRENT_PROJECT_VERSION = 1;
				GENERATE_INFOPLIST_FILE = YES;
				INFOPLIST_FILE = test/Info.plist;
				INFOPLIST_KEY_UIApplicationSupportsIndirectInputEvents = YES;
				INFOPLIST_KEY_UILaunchStoryboardName = LaunchScreen;
				INFOPLIST_KEY_UIMainStoryboardFile = Main;
				INFOPLIST_KEY_UISupportedInterfaceOrientations_iPad = "UIInterfaceOrientationPortrait UIInterfaceOrientationPortraitUpsideDown UIInterfaceOrientationLandscapeLeft UIInterfaceOrientationLandscapeRight";
				INFOPLIST_KEY_UISupportedInterfaceOrientations_iPhone = "UIInterfaceOrientationPortrait UIInterfaceOrientationLandscapeLeft UIInterfaceOrientationLandscapeRight";
				LD_RUNPATH_SEARCH_PATHS = (
					"$(inherited)",
					"@executable_path/Frameworks",
				);
				MARKETING_VERSION = 1.0;
				PRODUCT_BUNDLE_IDENTIFIER = test.test;
				PRODUCT_NAME = "$(TARGET_NAME)";
				SWIFT_EMIT_LOC_STRINGS = YES;
				SWIFT_VERSION = 5.0;
				TARGETED_DEVICE_FAMILY = "1,2";
			};
			name = Debug;
		};
		F4E59CB12A4587D100A8ABA2 /* Release */ = {
			isa = XCBuildConfiguration;
			buildSettings = {
				ASSETCATALOG_COMPILER_APPICON_NAME = AppIcon;
				ASSETCATALOG_COMPILER_GLOBAL_ACCENT_COLOR_NAME = AccentColor;
				CODE_SIGN_STYLE = Automatic;
				CURRENT_PROJECT_VERSION = 1;
				GENERATE_INFOPLIST_FILE = YES;
				INFOPLIST_FILE = test/Info.plist;
				INFOPLIST_KEY_UIApplicationSupportsIndirectInputEvents = YES;
				INFOPLIST_KEY_UILaunchStoryboardName = LaunchScreen;
				INFOPLIST_KEY_UIMainStoryboardFile = Main;
				INFOPLIST_KEY_UISupportedInterfaceOrientations_iPad = "UIInterfaceOrientationPortrait UIInterfaceOrientationPortraitUpsideDown UIInterfaceOrientationLandscapeLeft UIInterfaceOrientationLandscapeRight";
				INFOPLIST_KEY_UISupportedInterfaceOrientations_iPhone = "UIInterfaceOrientationPortrait UIInterfaceOrientationLandscapeLeft UIInterfaceOrientationLandscapeRight";
				LD_RUNPATH_SEARCH_PATHS = (
					"$(inherited)",
					"@executable_path/Frameworks",
				);
				MARKETING_VERSION = 1.0;
				PRODUCT_BUNDLE_IDENTIFIER = test.test;
				PRODUCT_NAME = "$(TARGET_NAME)";
				SWIFT_EMIT_LOC_STRINGS = YES;
				SWIFT_VERSION = 5.0;
				TARGETED_DEVICE_FAMILY = "1,2";
			};
			name = Release;
		};
		F4E59CB32A4587D100A8ABA2 /* Debug */ = {
			isa = XCBuildConfiguration;
			buildSettings = {
				ALWAYS_EMBED_SWIFT_STANDARD_LIBRARIES = YES;
				BUNDLE_LOADER = "$(TEST_HOST)";
				CODE_SIGN_STYLE = Automatic;
				CURRENT_PROJECT_VERSION = 1;
				GENERATE_INFOPLIST_FILE = YES;
				IPHONEOS_DEPLOYMENT_TARGET = 16.4;
				MARKETING_VERSION = 1.0;
				PRODUCT_BUNDLE_IDENTIFIER = test.testTests;
				PRODUCT_NAME = "$(TARGET_NAME)";
				SWIFT_EMIT_LOC_STRINGS = NO;
				SWIFT_VERSION = 5.0;
				TARGETED_DEVICE_FAMILY = "1,2";
				TEST_HOST = "$(BUILT_PRODUCTS_DIR)/test.app/$(BUNDLE_EXECUTABLE_FOLDER_PATH)/test";
			};
			name = Debug;
		};
		F4E59CB42A4587D100A8ABA2 /* Release */ = {
			isa = XCBuildConfiguration;
			buildSettings = {
				ALWAYS_EMBED_SWIFT_STANDARD_LIBRARIES = YES;
				BUNDLE_LOADER = "$(TEST_HOST)";
				CODE_SIGN_STYLE = Automatic;
				CURRENT_PROJECT_VERSION = 1;
				GENERATE_INFOPLIST_FILE = YES;
				IPHONEOS_DEPLOYMENT_TARGET = 16.4;
				MARKETING_VERSION = 1.0;
				PRODUCT_BUNDLE_IDENTIFIER = test.testTests;
				PRODUCT_NAME = "$(TARGET_NAME)";
				SWIFT_EMIT_LOC_STRINGS = NO;
				SWIFT_VERSION = 5.0;
				TARGETED_DEVICE_FAMILY = "1,2";
				TEST_HOST = "$(BUILT_PRODUCTS_DIR)/test.app/$(BUNDLE_EXECUTABLE_FOLDER_PATH)/test";
			};
			name = Release;
		};
		F4E59CB62A4587D100A8ABA2 /* Debug */ = {
			isa = XCBuildConfiguration;
			buildSettings = {
				ALWAYS_EMBED_SWIFT_STANDARD_LIBRARIES = YES;
				CODE_SIGN_STYLE = Automatic;
				CURRENT_PROJECT_VERSION = 1;
				GENERATE_INFOPLIST_FILE = YES;
				MARKETING_VERSION = 1.0;
				PRODUCT_BUNDLE_IDENTIFIER = test.testUITests;
				PRODUCT_NAME = "$(TARGET_NAME)";
				SWIFT_EMIT_LOC_STRINGS = NO;
				SWIFT_VERSION = 5.0;
				TARGETED_DEVICE_FAMILY = "1,2";
				TEST_TARGET_NAME = test;
			};
			name = Debug;
		};
		F4E59CB72A4587D100A8ABA2 /* Release */ = {
			isa = XCBuildConfiguration;
			buildSettings = {
				ALWAYS_EMBED_SWIFT_STANDARD_LIBRARIES = YES;
				CODE_SIGN_STYLE = Automatic;
				CURRENT_PROJECT_VERSION = 1;
				GENERATE_INFOPLIST_FILE = YES;
				MARKETING_VERSION = 1.0;
				PRODUCT_BUNDLE_IDENTIFIER = test.testUITests;
				PRODUCT_NAME = "$(TARGET_NAME)";
				SWIFT_EMIT_LOC_STRINGS = NO;
				SWIFT_VERSION = 5.0;
				TARGETED_DEVICE_FAMILY = "1,2";
				TEST_TARGET_NAME = test;
			};
			name = Release;
		};
/* End XCBuildConfiguration section */

/* Begin XCConfigurationList section */
		F4E59C802A4587CF00A8ABA2 /* Build configuration list for PBXProject "test" */ = {
			isa = XCConfigurationList;
			buildConfigurations = (
				F4E59CAD2A4587D100A8ABA2 /* Debug */,
				F4E59CAE2A4587D100A8ABA2 /* Release */,
			);
			defaultConfigurationIsVisible = 0;
			defaultConfigurationName = Release;
		};
		F4E59CAF2A4587D100A8ABA2 /* Build configuration list for PBXNativeTarget "test" */ = {
			isa = XCConfigurationList;
			buildConfigurations = (
				F4E59CB02A4587D100A8ABA2 /* Debug */,
				F4E59CB12A4587D100A8ABA2 /* Release */,
			);
			defaultConfigurationIsVisible = 0;
			defaultConfigurationName = Release;
		};
		F4E59CB22A4587D100A8ABA2 /* Build configuration list for PBXNativeTarget "testTests" */ = {
			isa = XCConfigurationList;
			buildConfigurations = (
				F4E59CB32A4587D100A8ABA2 /* Debug */,
				F4E59CB42A4587D100A8ABA2 /* Release */,
			);
			defaultConfigurationIsVisible = 0;
			defaultConfigurationName = Release;
		};
		F4E59CB52A4587D100A8ABA2 /* Build configuration list for PBXNativeTarget "testUITests" */ = {
			isa = XCConfigurationList;
			buildConfigurations = (
				F4E59CB62A4587D100A8ABA2 /* Debug */,
				F4E59CB72A4587D100A8ABA2 /* Release */,
			);
			defaultConfigurationIsVisible = 0;
			defaultConfigurationName = Release;
		};
/* End XCConfigurationList section */
	};
	rootObject = F4E59C7D2A4587CF00A8ABA2 /* Project object */;
}
